
Microsoft Visual Studio Solution File, Format Version 12.00
# Visual Studio 14
VisualStudioVersion = 14.0.25420.1
MinimumVisualStudioVersion = 10.0.40219.1
Project("{54435603-DBB4-11D2-8724-00A0C9A8B90C}") = "Setup2", "Setup2\Setup2.vdproj", "{CE16C4CD-9C17-425A-877A-3F3CA32675A7}"
EndProject
Global
	GlobalSection(SolutionConfigurationPlatforms) = preSolution
		Debug|Default = Debug|Default
		Release|Default = Release|Default
	EndGlobalSection
	GlobalSection(ProjectConfigurationPlatforms) = postSolution
		{CE16C4CD-9C17-425A-877A-3F3CA32675A7}.Debug|Default.ActiveCfg = Debug
		{CE16C4CD-9C17-425A-877A-3F3CA32675A7}.Debug|Default.Build.0 = Debug
		{CE16C4CD-9C17-425A-877A-3F3CA32675A7}.Release|Default.ActiveCfg = Release
		{CE16C4CD-9C17-425A-877A-3F3CA32675A7}.Release|Default.Build.0 = Release
	EndGlobalSection
	GlobalSection(SolutionProperties) = preSolution
		HideSolutionNode = FALSE
	EndGlobalSection
EndGlobal
